
Microsoft Visual Studio Solution File, Format Version 12.00
# Visual Studio Version 16
VisualStudioVersion = 16.0.29806.167
MinimumVisualStudioVersion = 10.0.40219.1
Project("{FAE04EC0-301F-11D3-BF4B-00C04F79EFBC}") = "Tweets.Picker", "Tweets.Picker\Tweets.Picker.csproj", "{C1BA3704-AD3B-4F74-BA94-143E24BF8DB0}"
EndProject
Project("{2150E333-8FDC-42A3-9474-1A3956D46DE8}") = "1. Host Layer", "1. Host Layer", "{FDF6DC8D-EB42-4FC7-AC28-2DDF80A754AE}"
EndProject
Project("{2150E333-8FDC-42A3-9474-1A3956D46DE8}") = "src", "src", "{0024826C-8A53-4E00-8764-94DDBD9CAC84}"
EndProject
Project("{2150E333-8FDC-42A3-9474-1A3956D46DE8}") = "docs", "docs", "{DFDFB456-02EA-49AA-B9E2-08B60DC64DF0}"
EndProject
Project("{2150E333-8FDC-42A3-9474-1A3956D46DE8}") = "solution items", "solution items", "{494ACA14-4B9A-4FC3-8DC2-0C768841EB97}"
EndProject
Project("{2150E333-8FDC-42A3-9474-1A3956D46DE8}") = "2. Application Layer", "2. Application Layer", "{7DDC6532-4241-4A96-B7D2-CC6E77066726}"
EndProject
Project("{2150E333-8FDC-42A3-9474-1A3956D46DE8}") = "3. Service Layer", "3. Service Layer", "{7230B978-BC40-40AB-BDD0-88CEAC4DE7BD}"
EndProject
Project("{2150E333-8FDC-42A3-9474-1A3956D46DE8}") = "4. Infrastructure Layer", "4. Infrastructure Layer", "{FDFC3CD2-9164-4D3E-848C-EFB8231BB68D}"
EndProject
Project("{2150E333-8FDC-42A3-9474-1A3956D46DE8}") = "5. Test Layer", "5. Test Layer", "{D61175AB-8E23-41A4-A328-4EE6D3798176}"
EndProject
Project("{2150E333-8FDC-42A3-9474-1A3956D46DE8}") = "1. Mappers", "1. Mappers", "{90F8EE9F-0B9C-4312-A90C-3247769C3159}"
EndProject
Project("{2150E333-8FDC-42A3-9474-1A3956D46DE8}") = "2. Services", "2. Services", "{03C16686-F446-47F8-829F-E26E88056DAB}"
EndProject
Project("{2150E333-8FDC-42A3-9474-1A3956D46DE8}") = "3. Message", "3. Message", "{0B267025-1E05-49EF-B4D4-05200972D7F2}"
EndProject
Project("{2150E333-8FDC-42A3-9474-1A3956D46DE8}") = "1. Services", "1. Services", "{11A75F1B-AA30-4D5F-9580-FFD8DD199377}"
EndProject
Project("{2150E333-8FDC-42A3-9474-1A3956D46DE8}") = "2. Models", "2. Models", "{E7DC79C0-98A2-4846-858A-3CAB75A38DB8}"
EndProject
Project("{2150E333-8FDC-42A3-9474-1A3956D46DE8}") = "1. Data", "1. Data", "{C3E2601A-1672-4D5C-9D5F-7F4CF1C15989}"
EndProject
Project("{2150E333-8FDC-42A3-9474-1A3956D46DE8}") = "2. Cross Cutting", "2. Cross Cutting", "{F6149A17-957A-43E9-B904-A94E01366A7F}"
EndProject
Project("{2150E333-8FDC-42A3-9474-1A3956D46DE8}") = "3. Service Provider", "3. Service Provider", "{E43FA5BF-592F-485F-95A6-332B4EBDBD72}"
EndProject
Global
	GlobalSection(SolutionConfigurationPlatforms) = preSolution
		Debug|Any CPU = Debug|Any CPU
		Release|Any CPU = Release|Any CPU
	EndGlobalSection
	GlobalSection(ProjectConfigurationPlatforms) = postSolution
		{C1BA3704-AD3B-4F74-BA94-143E24BF8DB0}.Debug|Any CPU.ActiveCfg = Debug|Any CPU
		{C1BA3704-AD3B-4F74-BA94-143E24BF8DB0}.Debug|Any CPU.Build.0 = Debug|Any CPU
		{C1BA3704-AD3B-4F74-BA94-143E24BF8DB0}.Release|Any CPU.ActiveCfg = Release|Any CPU
		{C1BA3704-AD3B-4F74-BA94-143E24BF8DB0}.Release|Any CPU.Build.0 = Release|Any CPU
	EndGlobalSection
	GlobalSection(SolutionProperties) = preSolution
		HideSolutionNode = FALSE
	EndGlobalSection
	GlobalSection(NestedProjects) = preSolution
		{C1BA3704-AD3B-4F74-BA94-143E24BF8DB0} = {FDF6DC8D-EB42-4FC7-AC28-2DDF80A754AE}
		{FDF6DC8D-EB42-4FC7-AC28-2DDF80A754AE} = {0024826C-8A53-4E00-8764-94DDBD9CAC84}
		{7DDC6532-4241-4A96-B7D2-CC6E77066726} = {0024826C-8A53-4E00-8764-94DDBD9CAC84}
		{7230B978-BC40-40AB-BDD0-88CEAC4DE7BD} = {0024826C-8A53-4E00-8764-94DDBD9CAC84}
		{FDFC3CD2-9164-4D3E-848C-EFB8231BB68D} = {0024826C-8A53-4E00-8764-94DDBD9CAC84}
		{D61175AB-8E23-41A4-A328-4EE6D3798176} = {0024826C-8A53-4E00-8764-94DDBD9CAC84}
		{90F8EE9F-0B9C-4312-A90C-3247769C3159} = {7DDC6532-4241-4A96-B7D2-CC6E77066726}
		{03C16686-F446-47F8-829F-E26E88056DAB} = {7DDC6532-4241-4A96-B7D2-CC6E77066726}
		{0B267025-1E05-49EF-B4D4-05200972D7F2} = {7DDC6532-4241-4A96-B7D2-CC6E77066726}
		{11A75F1B-AA30-4D5F-9580-FFD8DD199377} = {7230B978-BC40-40AB-BDD0-88CEAC4DE7BD}
		{E7DC79C0-98A2-4846-858A-3CAB75A38DB8} = {7230B978-BC40-40AB-BDD0-88CEAC4DE7BD}
		{C3E2601A-1672-4D5C-9D5F-7F4CF1C15989} = {FDFC3CD2-9164-4D3E-848C-EFB8231BB68D}
		{F6149A17-957A-43E9-B904-A94E01366A7F} = {FDFC3CD2-9164-4D3E-848C-EFB8231BB68D}
		{E43FA5BF-592F-485F-95A6-332B4EBDBD72} = {FDFC3CD2-9164-4D3E-848C-EFB8231BB68D}
	EndGlobalSection
	GlobalSection(ExtensibilityGlobals) = postSolution
		SolutionGuid = {9B17D46B-02DF-45C8-B667-C113A0C6472A}
	EndGlobalSection
EndGlobal
